{
    "_readme": [
        "This file locks the dependencies of your project to a known state",
        "Read more about it at https://getcomposer.org/doc/01-basic-usage.md#installing-dependencies",
        "This file is @generated automatically"
    ],
    "content-hash": "a47ea483c29941c5c76441c552ff238c",
    "packages": [
        {
            "name": "amphp/amp",
            "version": "v1.2.2",
            "source": {
                "type": "git",
                "url": "https://github.com/amphp/amp.git",
                "reference": "4f2161da5f68f274f116985635aea63b5c0f54d2"
            },
            "dist": {
                "type": "zip",
                "url": "https://api.github.com/repos/amphp/amp/zipball/4f2161da5f68f274f116985635aea63b5c0f54d2",
                "reference": "4f2161da5f68f274f116985635aea63b5c0f54d2",
                "shasum": ""
            },
            "require": {
                "php": ">=5.5"
            },
            "require-dev": {
                "fabpot/php-cs-fixer": "~1.9",
                "phpunit/phpunit": "~4.8"
            },
            "type": "library",
            "extra": {
                "branch-alias": {
                    "dev-master": "1.0.x-dev"
                }
            },
            "autoload": {
                "psr-4": {
                    "Amp\\": "lib/"
                },
                "files": [
                    "lib/functions.php"
                ]
            },
            "notification-url": "https://packagist.org/downloads/",
            "license": [
                "MIT"
            ],
            "authors": [
                {
                    "name": "Daniel Lowrey",
                    "email": "rdlowrey@php.net",
                    "role": "Creator / Lead Developer"
                }
            ],
            "description": "A non-blocking concurrency framework for PHP applications",
            "homepage": "https://github.com/amphp/amp",
            "keywords": [
                "async",
                "concurrency",
                "event",
                "non-blocking",
                "promise"
            ],
            "support": {
                "issues": "https://github.com/amphp/amp/issues",
                "source": "https://github.com/amphp/amp/tree/master"
            },
            "time": "2016-05-12T12:54:59+00:00"
        },
        {
            "name": "byjg/anydataset",
            "version": "4.0.1",
            "source": {
                "type": "git",
                "url": "https://github.com/byjg/anydataset.git",
                "reference": "73be85447d4a4c21541f576ecbee09fe59a0abd8"
            },
            "dist": {
                "type": "zip",
                "url": "https://api.github.com/repos/byjg/anydataset/zipball/73be85447d4a4c21541f576ecbee09fe59a0abd8",
                "reference": "73be85447d4a4c21541f576ecbee09fe59a0abd8",
                "shasum": ""
            },
            "require": {
                "byjg/serializer": "1.0.*",
                "byjg/xmlutil": "1.0.*",
                "php": ">=5.6.0"
            },
            "require-dev": {
                "phpunit/phpunit": "5.7.*|7.4.*"
            },
            "suggest": {
                "ext-dom": "*"
            },
            "type": "library",
            "autoload": {
                "psr-4": {
                    "ByJG\\AnyDataset\\Core\\": "src/"
                }
            },
            "notification-url": "https://packagist.org/downloads/",
            "license": [
                "MIT"
            ],
            "authors": [
                {
                    "name": "João Gilberto Magalhães",
                    "email": "joao@byjg.com.br"
                }
            ],
            "description": "Anydataset is an agnostic data source abstraction layer in PHP. Core Module.",
            "support": {
                "issues": "https://github.com/byjg/anydataset/issues",
                "source": "https://github.com/byjg/anydataset/tree/master"
            },
            "time": "2020-04-11T16:50:42+00:00"
        },
        {
            "name": "byjg/anydataset-array",
            "version": "4.0.0",
            "source": {
                "type": "git",
                "url": "https://github.com/byjg/anydataset-array.git",
                "reference": "e66aa343b8ccd32baec0545120ea9948e1d0b0c5"
            },
            "dist": {
                "type": "zip",
                "url": "https://api.github.com/repos/byjg/anydataset-array/zipball/e66aa343b8ccd32baec0545120ea9948e1d0b0c5",
                "reference": "e66aa343b8ccd32baec0545120ea9948e1d0b0c5",
                "shasum": ""
            },
            "require": {
                "byjg/anydataset": "4.0.*",
                "php": ">=5.6.0"
            },
            "require-dev": {
                "phpunit/phpunit": ">5.7"
            },
            "type": "library",
            "autoload": {
                "psr-4": {
                    "ByJG\\AnyDataset\\Lists\\": "src/"
                }
            },
            "notification-url": "https://packagist.org/downloads/",
            "license": [
                "MIT"
            ],
            "authors": [
                {
                    "name": "João Gilberto Magalhães",
                    "email": "joao@byjg.com.br"
                }
            ],
            "description": "Anydataset Array abstraction. Anydataset is an agnostic data source abstraction layer in PHP.",
            "support": {
                "issues": "https://github.com/byjg/anydataset-array/issues",
                "source": "https://github.com/byjg/anydataset-array/tree/master"
            },
            "time": "2018-11-24T15:20:06+00:00"
        },
        {
            "name": "byjg/anydataset-db",
            "version": "4.0.3",
            "source": {
                "type": "git",
                "url": "https://github.com/byjg/anydataset-db.git",
                "reference": "285da83562d5ff73af58a96e65b70a3ab295a823"
            },
            "dist": {
                "type": "zip",
                "url": "https://api.github.com/repos/byjg/anydataset-db/zipball/285da83562d5ff73af58a96e65b70a3ab295a823",
                "reference": "285da83562d5ff73af58a96e65b70a3ab295a823",
                "shasum": ""
            },
            "require": {
                "byjg/anydataset": "4.0.*",
                "byjg/anydataset-array": "4.0.*",
                "byjg/uri": "2.0.*",
                "ext-pdo": "*",
                "php": ">=5.6.0",
                "psr/cache": "1.0.*"
            },
            "require-dev": {
                "byjg/cache-engine": "4.0.*",
                "phpunit/phpunit": "5.7.*|7.4.*"
            },
            "suggest": {
                "byjg/cache-engine": "4.0.*",
                "ext-curl": "*",
                "ext-oci8": "*",
                "ext-pdo_mysql": "*",
                "ext-pdo_pgsql": "*"
            },
            "type": "library",
            "autoload": {
                "psr-4": {
                    "ByJG\\AnyDataset\\Db\\": "src/"
                }
            },
            "notification-url": "https://packagist.org/downloads/",
            "license": [
                "MIT"
            ],
            "authors": [
                {
                    "name": "João Gilberto Magalhães",
                    "email": "joao@byjg.com.br"
                }
            ],
            "description": "Anydataset Database Relational abstraction. Anydataset is an agnostic data source abstraction layer in PHP.",
            "support": {
                "issues": "https://github.com/byjg/anydataset-db/issues",
                "source": "https://github.com/byjg/anydataset-db/tree/4.0.3"
            },
            "time": "2020-04-02T18:22:52+00:00"
        },
        {
            "name": "byjg/migration",
            "version": "4.0.3",
            "source": {
                "type": "git",
                "url": "https://github.com/byjg/migration.git",
                "reference": "a79949d9164523e2ecd0501a547de450fea3bb2c"
            },
            "dist": {
                "type": "zip",
                "url": "https://api.github.com/repos/byjg/migration/zipball/a79949d9164523e2ecd0501a547de450fea3bb2c",
                "reference": "a79949d9164523e2ecd0501a547de450fea3bb2c",
                "shasum": ""
            },
            "require": {
                "byjg/anydataset-db": "4.0.*",
                "ext-pdo": "*"
            },
            "require-dev": {
                "phpunit/phpunit": "5.7.*|7.4.*"
            },
            "type": "library",
            "autoload": {
                "psr-4": {
                    "ByJG\\DbMigration\\": "src/"
                }
            },
            "notification-url": "https://packagist.org/downloads/",
            "license": [
                "MIT"
            ],
            "authors": [
                {
                    "name": "jg",
                    "email": "joao@byjg.com.br"
                }
            ],
            "description": "Simple library in PHP for database version control. Supports Sqlite, MySql, Sql Server and Postgres.",
            "support": {
                "issues": "https://github.com/byjg/migration/issues",
                "source": "https://github.com/byjg/migration/tree/master"
            },
            "time": "2020-04-02T05:58:29+00:00"
        },
        {
            "name": "byjg/serializer",
            "version": "1.0.7",
            "source": {
                "type": "git",
                "url": "https://github.com/byjg/serializer.git",
                "reference": "229882fbe5efe0edf195937a39aa2d48912a3f8d"
            },
            "dist": {
                "type": "zip",
                "url": "https://api.github.com/repos/byjg/serializer/zipball/229882fbe5efe0edf195937a39aa2d48912a3f8d",
                "reference": "229882fbe5efe0edf195937a39aa2d48912a3f8d",
                "shasum": ""
            },
            "require": {
                "ext-json": "*",
                "php": ">=5.5"
            },
            "require-dev": {
                "phpunit/phpunit": ">5.7"
            },
            "suggest": {
                "ext-curl": "*"
            },
            "type": "library",
            "autoload": {
                "psr-4": {
                    "ByJG\\Serializer\\": "src/",
                    "Tests\\": "tests"
                }
            },
            "notification-url": "https://packagist.org/downloads/",
            "license": [
                "MIT"
            ],
            "authors": [
                {
                    "name": "João Gilberto Magalhães",
                    "email": "joao@byjg.com.br"
                }
            ],
            "description": "Serialize any object into array and format it JSON or XML",
            "support": {
                "issues": "https://github.com/byjg/serializer/issues",
                "source": "https://github.com/byjg/serializer/tree/master"
            },
            "time": "2018-03-09T05:59:31+00:00"
        },
        {
            "name": "byjg/uri",
            "version": "2.0.1",
            "source": {
                "type": "git",
                "url": "https://github.com/byjg/uri.git",
                "reference": "527d458241469d226518f2b760e243258a1e2258"
            },
            "dist": {
                "type": "zip",
                "url": "https://api.github.com/repos/byjg/uri/zipball/527d458241469d226518f2b760e243258a1e2258",
                "reference": "527d458241469d226518f2b760e243258a1e2258",
                "shasum": ""
            },
            "require": {
                "php": ">=5.4.0",
                "psr/http-message": "~1.0"
            },
            "require-dev": {
                "phpunit/phpunit": "5.7.*|7.4.*"
            },
            "type": "library",
            "autoload": {
                "psr-4": {
                    "ByJG\\Util\\": "src/"
                }
            },
            "notification-url": "https://packagist.org/downloads/",
            "license": [
                "MIT"
            ],
            "authors": [
                {
                    "name": "João Gilberto Magalhães",
                    "email": "joao@byjg.com.br"
                }
            ],
            "description": "An implementation of PSR UriInterface ",
            "support": {
                "issues": "https://github.com/byjg/uri/issues",
                "source": "https://github.com/byjg/uri/tree/master"
            },
            "time": "2020-04-10T16:08:00+00:00"
        },
        {
            "name": "byjg/xmlutil",
            "version": "1.0.6",
            "source": {
                "type": "git",
                "url": "https://github.com/byjg/xmlutil.git",
                "reference": "9f82339931252b7990596d07f365c765e3dbbad3"
            },
            "dist": {
                "type": "zip",
                "url": "https://api.github.com/repos/byjg/xmlutil/zipball/9f82339931252b7990596d07f365c765e3dbbad3",
                "reference": "9f82339931252b7990596d07f365c765e3dbbad3",
                "shasum": ""
            },
            "require": {
                "php": ">=5.4.0"
            },
            "require-dev": {
                "phpunit/phpunit": ">5.7"
            },
            "type": "library",
            "autoload": {
                "psr-4": {
                    "ByJG\\Util\\": "src/"
                }
            },
            "notification-url": "https://packagist.org/downloads/",
            "license": [
                "MIT"
            ],
            "authors": [
                {
                    "name": "João Gilberto Magalhães",
                    "email": "joao@byjg.com.br"
                }
            ],
            "description": "A utility class to make easy work with XML in PHP.",
            "support": {
                "issues": "https://github.com/byjg/xmlutil/issues",
                "source": "https://github.com/byjg/xmlutil/tree/master"
            },
            "time": "2018-03-10T14:43:36+00:00"
        },
        {
            "name": "guzzlehttp/guzzle",
            "version": "7.4.1",
            "source": {
                "type": "git",
                "url": "https://github.com/guzzle/guzzle.git",
                "reference": "ee0a041b1760e6a53d2a39c8c34115adc2af2c79"
            },
            "dist": {
                "type": "zip",
                "url": "https://api.github.com/repos/guzzle/guzzle/zipball/ee0a041b1760e6a53d2a39c8c34115adc2af2c79",
                "reference": "ee0a041b1760e6a53d2a39c8c34115adc2af2c79",
                "shasum": ""
            },
            "require": {
                "ext-json": "*",
                "guzzlehttp/promises": "^1.5",
                "guzzlehttp/psr7": "^1.8.3 || ^2.1",
                "php": "^7.2.5 || ^8.0",
                "psr/http-client": "^1.0",
                "symfony/deprecation-contracts": "^2.2 || ^3.0"
            },
            "provide": {
                "psr/http-client-implementation": "1.0"
            },
            "require-dev": {
                "bamarni/composer-bin-plugin": "^1.4.1",
                "ext-curl": "*",
                "php-http/client-integration-tests": "^3.0",
                "phpunit/phpunit": "^8.5.5 || ^9.3.5",
                "psr/log": "^1.1 || ^2.0 || ^3.0"
            },
            "suggest": {
                "ext-curl": "Required for CURL handler support",
                "ext-intl": "Required for Internationalized Domain Name (IDN) support",
                "psr/log": "Required for using the Log middleware"
            },
            "type": "library",
            "extra": {
                "branch-alias": {
                    "dev-master": "7.4-dev"
                }
            },
            "autoload": {
                "psr-4": {
                    "GuzzleHttp\\": "src/"
                },
                "files": [
                    "src/functions_include.php"
                ]
            },
            "notification-url": "https://packagist.org/downloads/",
            "license": [
                "MIT"
            ],
            "authors": [
                {
                    "name": "Graham Campbell",
                    "email": "hello@gjcampbell.co.uk",
                    "homepage": "https://github.com/GrahamCampbell"
                },
                {
                    "name": "Michael Dowling",
                    "email": "mtdowling@gmail.com",
                    "homepage": "https://github.com/mtdowling"
                },
                {
                    "name": "Jeremy Lindblom",
                    "email": "jeremeamia@gmail.com",
                    "homepage": "https://github.com/jeremeamia"
                },
                {
                    "name": "George Mponos",
                    "email": "gmponos@gmail.com",
                    "homepage": "https://github.com/gmponos"
                },
                {
                    "name": "Tobias Nyholm",
                    "email": "tobias.nyholm@gmail.com",
                    "homepage": "https://github.com/Nyholm"
                },
                {
                    "name": "Márk Sági-Kazár",
                    "email": "mark.sagikazar@gmail.com",
                    "homepage": "https://github.com/sagikazarmark"
                },
                {
                    "name": "Tobias Schultze",
                    "email": "webmaster@tubo-world.de",
                    "homepage": "https://github.com/Tobion"
                }
            ],
            "description": "Guzzle is a PHP HTTP client library",
            "keywords": [
                "client",
                "curl",
                "framework",
                "http",
                "http client",
                "psr-18",
                "psr-7",
                "rest",
                "web service"
            ],
            "support": {
                "issues": "https://github.com/guzzle/guzzle/issues",
                "source": "https://github.com/guzzle/guzzle/tree/7.4.1"
            },
            "funding": [
                {
                    "url": "https://github.com/GrahamCampbell",
                    "type": "github"
                },
                {
                    "url": "https://github.com/Nyholm",
                    "type": "github"
                },
                {
                    "url": "https://tidelift.com/funding/github/packagist/guzzlehttp/guzzle",
                    "type": "tidelift"
                }
            ],
            "time": "2021-12-06T18:43:05+00:00"
        },
        {
            "name": "guzzlehttp/promises",
            "version": "1.5.1",
            "source": {
                "type": "git",
                "url": "https://github.com/guzzle/promises.git",
                "reference": "fe752aedc9fd8fcca3fe7ad05d419d32998a06da"
            },
            "dist": {
                "type": "zip",
                "url": "https://api.github.com/repos/guzzle/promises/zipball/fe752aedc9fd8fcca3fe7ad05d419d32998a06da",
                "reference": "fe752aedc9fd8fcca3fe7ad05d419d32998a06da",
                "shasum": ""
            },
            "require": {
                "php": ">=5.5"
            },
            "require-dev": {
                "symfony/phpunit-bridge": "^4.4 || ^5.1"
            },
            "type": "library",
            "extra": {
                "branch-alias": {
                    "dev-master": "1.5-dev"
                }
            },
            "autoload": {
                "psr-4": {
                    "GuzzleHttp\\Promise\\": "src/"
                },
                "files": [
                    "src/functions_include.php"
                ]
            },
            "notification-url": "https://packagist.org/downloads/",
            "license": [
                "MIT"
            ],
            "authors": [
                {
                    "name": "Graham Campbell",
                    "email": "hello@gjcampbell.co.uk",
                    "homepage": "https://github.com/GrahamCampbell"
                },
                {
                    "name": "Michael Dowling",
                    "email": "mtdowling@gmail.com",
                    "homepage": "https://github.com/mtdowling"
                },
                {
                    "name": "Tobias Nyholm",
                    "email": "tobias.nyholm@gmail.com",
                    "homepage": "https://github.com/Nyholm"
                },
                {
                    "name": "Tobias Schultze",
                    "email": "webmaster@tubo-world.de",
                    "homepage": "https://github.com/Tobion"
                }
            ],
            "description": "Guzzle promises library",
            "keywords": [
                "promise"
            ],
            "support": {
                "issues": "https://github.com/guzzle/promises/issues",
                "source": "https://github.com/guzzle/promises/tree/1.5.1"
            },
            "funding": [
                {
                    "url": "https://github.com/GrahamCampbell",
                    "type": "github"
                },
                {
                    "url": "https://github.com/Nyholm",
                    "type": "github"
                },
                {
                    "url": "https://tidelift.com/funding/github/packagist/guzzlehttp/promises",
                    "type": "tidelift"
                }
            ],
            "time": "2021-10-22T20:56:57+00:00"
        },
        {
            "name": "guzzlehttp/psr7",
            "version": "2.4.0",
            "source": {
                "type": "git",
                "url": "https://github.com/guzzle/psr7.git",
                "reference": "13388f00956b1503577598873fffb5ae994b5737"
            },
            "dist": {
                "type": "zip",
                "url": "https://api.github.com/repos/guzzle/psr7/zipball/13388f00956b1503577598873fffb5ae994b5737",
                "reference": "13388f00956b1503577598873fffb5ae994b5737",
                "shasum": ""
            },
            "require": {
                "php": "^7.2.5 || ^8.0",
                "psr/http-factory": "^1.0",
                "psr/http-message": "^1.0",
                "ralouphie/getallheaders": "^3.0"
            },
            "provide": {
                "psr/http-factory-implementation": "1.0",
                "psr/http-message-implementation": "1.0"
            },
            "require-dev": {
                "bamarni/composer-bin-plugin": "^1.4.1",
                "http-interop/http-factory-tests": "^0.9",
                "phpunit/phpunit": "^8.5.8 || ^9.3.10"
            },
            "suggest": {
                "laminas/laminas-httphandlerrunner": "Emit PSR-7 responses"
            },
            "type": "library",
            "extra": {
                "branch-alias": {
                    "dev-master": "2.4-dev"
                }
            },
            "autoload": {
                "psr-4": {
                    "GuzzleHttp\\Psr7\\": "src/"
                }
            },
            "notification-url": "https://packagist.org/downloads/",
            "license": [
                "MIT"
            ],
            "authors": [
                {
                    "name": "Graham Campbell",
                    "email": "hello@gjcampbell.co.uk",
                    "homepage": "https://github.com/GrahamCampbell"
                },
                {
                    "name": "Michael Dowling",
                    "email": "mtdowling@gmail.com",
                    "homepage": "https://github.com/mtdowling"
                },
                {
                    "name": "George Mponos",
                    "email": "gmponos@gmail.com",
                    "homepage": "https://github.com/gmponos"
                },
                {
                    "name": "Tobias Nyholm",
                    "email": "tobias.nyholm@gmail.com",
                    "homepage": "https://github.com/Nyholm"
                },
                {
                    "name": "Márk Sági-Kazár",
                    "email": "mark.sagikazar@gmail.com",
                    "homepage": "https://github.com/sagikazarmark"
                },
                {
                    "name": "Tobias Schultze",
                    "email": "webmaster@tubo-world.de",
                    "homepage": "https://github.com/Tobion"
                },
                {
                    "name": "Márk Sági-Kazár",
                    "email": "mark.sagikazar@gmail.com",
                    "homepage": "https://sagikazarmark.hu"
                }
            ],
            "description": "PSR-7 message implementation that also provides common utility methods",
            "keywords": [
                "http",
                "message",
                "psr-7",
                "request",
                "response",
                "stream",
                "uri",
                "url"
            ],
            "support": {
                "issues": "https://github.com/guzzle/psr7/issues",
                "source": "https://github.com/guzzle/psr7/tree/2.4.0"
            },
            "funding": [
                {
                    "url": "https://github.com/GrahamCampbell",
                    "type": "github"
                },
                {
                    "url": "https://github.com/Nyholm",
                    "type": "github"
                },
                {
                    "url": "https://tidelift.com/funding/github/packagist/guzzlehttp/psr7",
                    "type": "tidelift"
                }
            ],
            "time": "2022-06-20T21:43:11+00:00"
        },
        {
            "name": "hubspot/hubspot-php",
            "version": "4.0.1",
            "source": {
                "type": "git",
                "url": "https://github.com/HubSpot/hubspot-php.git",
                "reference": "a133824fe0021dc7b8083a6170bc2acb62a91cb8"
            },
            "dist": {
                "type": "zip",
                "url": "https://api.github.com/repos/HubSpot/hubspot-php/zipball/a133824fe0021dc7b8083a6170bc2acb62a91cb8",
                "reference": "a133824fe0021dc7b8083a6170bc2acb62a91cb8",
                "shasum": ""
            },
            "require": {
                "ext-json": "*",
                "guzzlehttp/guzzle": "^7.3",
                "php": ">=7.3"
            },
            "require-dev": {
                "friendsofphp/php-cs-fixer": "^3.4",
                "phpspec/phpspec": "^7.1",
                "phpunit/phpunit": "^9.5"
            },
            "type": "library",
            "autoload": {
                "psr-4": {
                    "SevenShores\\Hubspot\\": "src/"
                },
                "files": [
                    "src/helpers.php"
                ]
            },
            "notification-url": "https://packagist.org/downloads/",
            "license": [
                "Apache-2.0"
            ],
            "authors": [
                {
                    "name": "Ryan Winchester",
                    "email": "fungku@gmail.com",
                    "homepage": "http://ryanwinchester.ca"
                }
            ],
            "description": "HubSpot PHP API client",
            "keywords": [
                "api",
                "hubspot"
            ],
            "support": {
                "issues": "https://github.com/HubSpot/hubspot-php/issues",
                "source": "https://github.com/HubSpot/hubspot-php/tree/v4.0.1"
            },
            "time": "2022-01-13T10:34:48+00:00"
        },
        {
            "name": "nmred/kafka-php",
            "version": "v0.2.0.8",
            "source": {
                "type": "git",
                "url": "https://github.com/weiboad/kafka-php.git",
                "reference": "d5b395aeb9d069dce49fc1dceff0a6f45750d981"
            },
            "dist": {
                "type": "zip",
                "url": "https://api.github.com/repos/weiboad/kafka-php/zipball/d5b395aeb9d069dce49fc1dceff0a6f45750d981",
                "reference": "d5b395aeb9d069dce49fc1dceff0a6f45750d981",
                "shasum": ""
            },
            "require": {
                "amphp/amp": "v1.2.2",
                "php": ">=5.5",
                "psr/log": "1.0.2"
            },
            "require-dev": {
                "kmelia/monolog-stdout-handler": "1.2.1",
                "monolog/monolog": "1.22.1",
                "phpunit/phpcov": "*",
                "phpunit/phpunit": "~4.0",
                "satooshi/php-coveralls": "dev-master"
            },
            "type": "library",
            "autoload": {
                "psr-0": {
                    "Kafka\\": "src/"
                }
            },
            "notification-url": "https://packagist.org/downloads/",
            "license": [
                "BSD-3-Clause"
            ],
            "description": "Kafka client for php",
            "homepage": "http://www.swanlinux.net",
            "keywords": [
                "client",
                "kafka"
            ],
            "support": {
                "issues": "https://github.com/weiboad/kafka-php/issues",
                "source": "https://github.com/weiboad/kafka-php/tree/v0.2.0.8"
            },
            "time": "2017-10-23T09:33:08+00:00"
        },
        {
            "name": "psr/cache",
            "version": "1.0.1",
            "source": {
                "type": "git",
                "url": "https://github.com/php-fig/cache.git",
                "reference": "d11b50ad223250cf17b86e38383413f5a6764bf8"
            },
            "dist": {
                "type": "zip",
                "url": "https://api.github.com/repos/php-fig/cache/zipball/d11b50ad223250cf17b86e38383413f5a6764bf8",
                "reference": "d11b50ad223250cf17b86e38383413f5a6764bf8",
                "shasum": ""
            },
            "require": {
                "php": ">=5.3.0"
            },
            "type": "library",
            "extra": {
                "branch-alias": {
                    "dev-master": "1.0.x-dev"
                }
            },
            "autoload": {
                "psr-4": {
                    "Psr\\Cache\\": "src/"
                }
            },
            "notification-url": "https://packagist.org/downloads/",
            "license": [
                "MIT"
            ],
            "authors": [
                {
                    "name": "PHP-FIG",
                    "homepage": "http://www.php-fig.org/"
                }
            ],
            "description": "Common interface for caching libraries",
            "keywords": [
                "cache",
                "psr",
                "psr-6"
            ],
            "support": {
                "source": "https://github.com/php-fig/cache/tree/master"
            },
            "time": "2016-08-06T20:24:11+00:00"
        },
        {
            "name": "psr/http-client",
            "version": "1.0.1",
            "source": {
                "type": "git",
                "url": "https://github.com/php-fig/http-client.git",
                "reference": "2dfb5f6c5eff0e91e20e913f8c5452ed95b86621"
            },
            "dist": {
                "type": "zip",
                "url": "https://api.github.com/repos/php-fig/http-client/zipball/2dfb5f6c5eff0e91e20e913f8c5452ed95b86621",
                "reference": "2dfb5f6c5eff0e91e20e913f8c5452ed95b86621",
                "shasum": ""
            },
            "require": {
                "php": "^7.0 || ^8.0",
                "psr/http-message": "^1.0"
            },
            "type": "library",
            "extra": {
                "branch-alias": {
                    "dev-master": "1.0.x-dev"
                }
            },
            "autoload": {
                "psr-4": {
                    "Psr\\Http\\Client\\": "src/"
                }
            },
            "notification-url": "https://packagist.org/downloads/",
            "license": [
                "MIT"
            ],
            "authors": [
                {
                    "name": "PHP-FIG",
                    "homepage": "http://www.php-fig.org/"
                }
            ],
            "description": "Common interface for HTTP clients",
            "homepage": "https://github.com/php-fig/http-client",
            "keywords": [
                "http",
                "http-client",
                "psr",
                "psr-18"
            ],
            "support": {
                "source": "https://github.com/php-fig/http-client/tree/master"
            },
            "time": "2020-06-29T06:28:15+00:00"
        },
        {
            "name": "psr/http-factory",
            "version": "1.0.1",
            "source": {
                "type": "git",
                "url": "https://github.com/php-fig/http-factory.git",
                "reference": "12ac7fcd07e5b077433f5f2bee95b3a771bf61be"
            },
            "dist": {
                "type": "zip",
                "url": "https://api.github.com/repos/php-fig/http-factory/zipball/12ac7fcd07e5b077433f5f2bee95b3a771bf61be",
                "reference": "12ac7fcd07e5b077433f5f2bee95b3a771bf61be",
                "shasum": ""
            },
            "require": {
                "php": ">=7.0.0",
                "psr/http-message": "^1.0"
            },
            "type": "library",
            "extra": {
                "branch-alias": {
                    "dev-master": "1.0.x-dev"
                }
            },
            "autoload": {
                "psr-4": {
                    "Psr\\Http\\Message\\": "src/"
                }
            },
            "notification-url": "https://packagist.org/downloads/",
            "license": [
                "MIT"
            ],
            "authors": [
                {
                    "name": "PHP-FIG",
                    "homepage": "http://www.php-fig.org/"
                }
            ],
            "description": "Common interfaces for PSR-7 HTTP message factories",
            "keywords": [
                "factory",
                "http",
                "message",
                "psr",
                "psr-17",
                "psr-7",
                "request",
                "response"
            ],
            "support": {
                "source": "https://github.com/php-fig/http-factory/tree/master"
            },
            "time": "2019-04-30T12:38:16+00:00"
        },
        {
            "name": "psr/http-message",
            "version": "1.0.1",
            "source": {
                "type": "git",
                "url": "https://github.com/php-fig/http-message.git",
                "reference": "f6561bf28d520154e4b0ec72be95418abe6d9363"
            },
            "dist": {
                "type": "zip",
                "url": "https://api.github.com/repos/php-fig/http-message/zipball/f6561bf28d520154e4b0ec72be95418abe6d9363",
                "reference": "f6561bf28d520154e4b0ec72be95418abe6d9363",
                "shasum": ""
            },
            "require": {
                "php": ">=5.3.0"
            },
            "type": "library",
            "extra": {
                "branch-alias": {
                    "dev-master": "1.0.x-dev"
                }
            },
            "autoload": {
                "psr-4": {
                    "Psr\\Http\\Message\\": "src/"
                }
            },
            "notification-url": "https://packagist.org/downloads/",
            "license": [
                "MIT"
            ],
            "authors": [
                {
                    "name": "PHP-FIG",
                    "homepage": "http://www.php-fig.org/"
                }
            ],
            "description": "Common interface for HTTP messages",
            "homepage": "https://github.com/php-fig/http-message",
            "keywords": [
                "http",
                "http-message",
                "psr",
                "psr-7",
                "request",
                "response"
            ],
            "support": {
                "source": "https://github.com/php-fig/http-message/tree/master"
            },
            "time": "2016-08-06T14:39:51+00:00"
        },
        {
            "name": "psr/log",
            "version": "1.0.2",
            "source": {
                "type": "git",
                "url": "https://github.com/php-fig/log.git",
                "reference": "4ebe3a8bf773a19edfe0a84b6585ba3d401b724d"
            },
            "dist": {
                "type": "zip",
                "url": "https://api.github.com/repos/php-fig/log/zipball/4ebe3a8bf773a19edfe0a84b6585ba3d401b724d",
                "reference": "4ebe3a8bf773a19edfe0a84b6585ba3d401b724d",
                "shasum": ""
            },
            "require": {
                "php": ">=5.3.0"
            },
            "type": "library",
            "extra": {
                "branch-alias": {
                    "dev-master": "1.0.x-dev"
                }
            },
            "autoload": {
                "psr-4": {
                    "Psr\\Log\\": "Psr/Log/"
                }
            },
            "notification-url": "https://packagist.org/downloads/",
            "license": [
                "MIT"
            ],
            "authors": [
                {
                    "name": "PHP-FIG",
                    "homepage": "http://www.php-fig.org/"
                }
            ],
            "description": "Common interface for logging libraries",
            "homepage": "https://github.com/php-fig/log",
            "keywords": [
                "log",
                "psr",
                "psr-3"
            ],
            "support": {
                "source": "https://github.com/php-fig/log/tree/master"
            },
            "time": "2016-10-10T12:19:37+00:00"
        },
        {
            "name": "ralouphie/getallheaders",
            "version": "3.0.3",
            "source": {
                "type": "git",
                "url": "https://github.com/ralouphie/getallheaders.git",
                "reference": "120b605dfeb996808c31b6477290a714d356e822"
            },
            "dist": {
                "type": "zip",
                "url": "https://api.github.com/repos/ralouphie/getallheaders/zipball/120b605dfeb996808c31b6477290a714d356e822",
                "reference": "120b605dfeb996808c31b6477290a714d356e822",
                "shasum": ""
            },
            "require": {
                "php": ">=5.6"
            },
            "require-dev": {
                "php-coveralls/php-coveralls": "^2.1",
                "phpunit/phpunit": "^5 || ^6.5"
            },
            "type": "library",
            "autoload": {
                "files": [
                    "src/getallheaders.php"
                ]
            },
            "notification-url": "https://packagist.org/downloads/",
            "license": [
                "MIT"
            ],
            "authors": [
                {
                    "name": "Ralph Khattar",
                    "email": "ralph.khattar@gmail.com"
                }
            ],
            "description": "A polyfill for getallheaders.",
            "support": {
                "issues": "https://github.com/ralouphie/getallheaders/issues",
                "source": "https://github.com/ralouphie/getallheaders/tree/develop"
            },
            "time": "2019-03-08T08:55:37+00:00"
        },
        {
            "name": "symfony/deprecation-contracts",
            "version": "v2.5.0",
            "source": {
                "type": "git",
                "url": "https://github.com/symfony/deprecation-contracts.git",
                "reference": "6f981ee24cf69ee7ce9736146d1c57c2780598a8"
            },
            "dist": {
                "type": "zip",
                "url": "https://api.github.com/repos/symfony/deprecation-contracts/zipball/6f981ee24cf69ee7ce9736146d1c57c2780598a8",
                "reference": "6f981ee24cf69ee7ce9736146d1c57c2780598a8",
                "shasum": ""
            },
            "require": {
                "php": ">=7.1"
            },
            "type": "library",
            "extra": {
                "branch-alias": {
                    "dev-main": "2.5-dev"
                },
                "thanks": {
                    "name": "symfony/contracts",
                    "url": "https://github.com/symfony/contracts"
                }
            },
            "autoload": {
                "files": [
                    "function.php"
                ]
            },
            "notification-url": "https://packagist.org/downloads/",
            "license": [
                "MIT"
            ],
            "authors": [
                {
                    "name": "Nicolas Grekas",
                    "email": "p@tchwork.com"
                },
                {
                    "name": "Symfony Community",
                    "homepage": "https://symfony.com/contributors"
                }
            ],
            "description": "A generic function and convention to trigger deprecation notices",
            "homepage": "https://symfony.com",
            "support": {
                "source": "https://github.com/symfony/deprecation-contracts/tree/v2.5.0"
            },
            "funding": [
                {
                    "url": "https://symfony.com/sponsor",
                    "type": "custom"
                },
                {
                    "url": "https://github.com/fabpot",
                    "type": "github"
                },
                {
                    "url": "https://tidelift.com/funding/github/packagist/symfony/symfony",
                    "type": "tidelift"
                }
            ],
            "time": "2021-07-12T14:48:14+00:00"
        }
    ],
    "packages-dev": [],
    "aliases": [],
    "minimum-stability": "stable",
    "stability-flags": [],
    "prefer-stable": false,
    "prefer-lowest": false,
    "platform": {
        "ext-curl": "*",
        "ext-json": "*",
        "ext-pdo": "*"
    },
    "platform-dev": [],
    "plugin-api-version": "2.3.0"
}
